<?xml version="1.0" encoding="utf-8"?>
<Project ToolsVersion="4.0" xmlns="http://schemas.microsoft.com/developer/msbuild/2003">
  <ItemGroup>
    <Filter Include="Source Files">
      <UniqueIdentifier>{4FC737F1-C7A5-4376-A066-2A32D752A2FF}</UniqueIdentifier>
      <Extensions>cpp;c;cc;cxx;c++;cppm;ixx;def;odl;idl;hpj;bat;asm;asmx</Extensions>
    </Filter>
    <Filter Include="Header Files">
      <UniqueIdentifier>{93995380-89BD-4b04-88EB-625FBE52EBFB}</UniqueIdentifier>
      <Extensions>h;hh;hpp;hxx;h++;hm;inl;inc;ipp;xsd</Extensions>
    </Filter>
    <Filter Include="Resource Files">
      <UniqueIdentifier>{67DA6AB6-F800-4c08-8B7A-83BB121AAD01}</UniqueIdentifier>
      <Extensions>rc;ico;cur;bmp;dlg;rc2;rct;bin;rgs;gif;jpg;jpeg;jpe;resx;tiff;tif;png;wav;mfcribbon-ms</Extensions>
    </Filter>
  </ItemGroup>
  <ItemGroup>
    <ClCompile Include="freckle.cpp">
      <Filter>Source Files</Filter>
    </ClCompile>
    <ClCompile Include="source\embedded\lua\lvm.cpp">
      <Filter>Source Files</Filter>
    </ClCompile>
    <ClCompile Include="source\embedded\lua_example\widget.cpp">
      <Filter>Source Files</Filter>
    </ClCompile>
    <ClCompile Include="source\embedded\lua_example\widget_lib.cpp">
      <Filter>Source Files</Filter>
    </ClCompile>
    <ClCompile Include="source\embedded\lua_example\widget_lib_lua.cpp">
      <Filter>Source Files</Filter>
    </ClCompile>
    <ClCompile Include="source\embedded\lua_example\widget_lua.cpp">
      <Filter>Source Files</Filter>
    </ClCompile>
    <ClCompile Include="source\embedded\python\pvm.cpp">
      <Filter>Source Files</Filter>
    </ClCompile>
  </ItemGroup>
  <ItemGroup>
    <ClInclude Include="source\embedded\lua\lua_api.h">
      <Filter>Header Files</Filter>
    </ClInclude>
    <ClInclude Include="source\embedded\lua\lua_type_concepts.h">
      <Filter>Header Files</Filter>
    </ClInclude>
    <ClInclude Include="source\embedded\lua\lua_type_def.h">
      <Filter>Header Files</Filter>
    </ClInclude>
    <ClInclude Include="source\embedded\lua\lua_type_is.h">
      <Filter>Header Files</Filter>
    </ClInclude>
    <ClInclude Include="source\embedded\lua\lua_type_push.h">
      <Filter>Header Files</Filter>
    </ClInclude>
    <ClInclude Include="source\embedded\lua\lua_type_to.h">
      <Filter>Header Files</Filter>
    </ClInclude>
    <ClInclude Include="source\embedded\lua\lvm.h">
      <Filter>Header Files</Filter>
    </ClInclude>
    <ClInclude Include="source\embedded\lua\lvm_helper.h">
      <Filter>Header Files</Filter>
    </ClInclude>
    <ClInclude Include="source\embedded\lua_example\widget.h">
      <Filter>Header Files</Filter>
    </ClInclude>
    <ClInclude Include="source\embedded\lua_example\widget_lib.h">
      <Filter>Header Files</Filter>
    </ClInclude>
    <ClInclude Include="source\embedded\python\pvm.h">
      <Filter>Header Files</Filter>
    </ClInclude>
    <ClInclude Include="source\embedded\reflection\runtime_core.h">
      <Filter>Header Files</Filter>
    </ClInclude>
    <ClInclude Include="source\public\lua.h">
      <Filter>Header Files</Filter>
    </ClInclude>
    <ClInclude Include="source\public\python.h">
      <Filter>Header Files</Filter>
    </ClInclude>
    <ClInclude Include="dependencies\py\include\cpython\abstract.h">
      <Filter>Header Files</Filter>
    </ClInclude>
    <ClInclude Include="dependencies\py\include\cpython\bytearrayobject.h">
      <Filter>Header Files</Filter>
    </ClInclude>
    <ClInclude Include="dependencies\py\include\cpython\bytesobject.h">
      <Filter>Header Files</Filter>
    </ClInclude>
    <ClInclude Include="dependencies\py\include\cpython\cellobject.h">
      <Filter>Header Files</Filter>
    </ClInclude>
    <ClInclude Include="dependencies\py\include\cpython\ceval.h">
      <Filter>Header Files</Filter>
    </ClInclude>
    <ClInclude Include="dependencies\py\include\cpython\classobject.h">
      <Filter>Header Files</Filter>
    </ClInclude>
    <ClInclude Include="dependencies\py\include\cpython\code.h">
      <Filter>Header Files</Filter>
    </ClInclude>
    <ClInclude Include="dependencies\py\include\cpython\compile.h">
      <Filter>Header Files</Filter>
    </ClInclude>
    <ClInclude Include="dependencies\py\include\cpython\complexobject.h">
      <Filter>Header Files</Filter>
    </ClInclude>
    <ClInclude Include="dependencies\py\include\cpython\context.h">
      <Filter>Header Files</Filter>
    </ClInclude>
    <ClInclude Include="dependencies\py\include\cpython\descrobject.h">
      <Filter>Header Files</Filter>
    </ClInclude>
    <ClInclude Include="dependencies\py\include\cpython\dictobject.h">
      <Filter>Header Files</Filter>
    </ClInclude>
    <ClInclude Include="dependencies\py\include\cpython\fileobject.h">
      <Filter>Header Files</Filter>
    </ClInclude>
    <ClInclude Include="dependencies\py\include\cpython\fileutils.h">
      <Filter>Header Files</Filter>
    </ClInclude>
    <ClInclude Include="dependencies\py\include\cpython\floatobject.h">
      <Filter>Header Files</Filter>
    </ClInclude>
    <ClInclude Include="dependencies\py\include\cpython\frameobject.h">
      <Filter>Header Files</Filter>
    </ClInclude>
    <ClInclude Include="dependencies\py\include\cpython\funcobject.h">
      <Filter>Header Files</Filter>
    </ClInclude>
    <ClInclude Include="dependencies\py\include\cpython\genobject.h">
      <Filter>Header Files</Filter>
    </ClInclude>
    <ClInclude Include="dependencies\py\include\cpython\import.h">
      <Filter>Header Files</Filter>
    </ClInclude>
    <ClInclude Include="dependencies\py\include\cpython\initconfig.h">
      <Filter>Header Files</Filter>
    </ClInclude>
    <ClInclude Include="dependencies\py\include\cpython\listobject.h">
      <Filter>Header Files</Filter>
    </ClInclude>
    <ClInclude Include="dependencies\py\include\cpython\longintrepr.h">
      <Filter>Header Files</Filter>
    </ClInclude>
    <ClInclude Include="dependencies\py\include\cpython\longobject.h">
      <Filter>Header Files</Filter>
    </ClInclude>
    <ClInclude Include="dependencies\py\include\cpython\methodobject.h">
      <Filter>Header Files</Filter>
    </ClInclude>
    <ClInclude Include="dependencies\py\include\cpython\modsupport.h">
      <Filter>Header Files</Filter>
    </ClInclude>
    <ClInclude Include="dependencies\py\include\cpython\object.h">
      <Filter>Header Files</Filter>
    </ClInclude>
    <ClInclude Include="dependencies\py\include\cpython\objimpl.h">
      <Filter>Header Files</Filter>
    </ClInclude>
    <ClInclude Include="dependencies\py\include\cpython\odictobject.h">
      <Filter>Header Files</Filter>
    </ClInclude>
    <ClInclude Include="dependencies\py\include\cpython\picklebufobject.h">
      <Filter>Header Files</Filter>
    </ClInclude>
    <ClInclude Include="dependencies\py\include\cpython\pthread_stubs.h">
      <Filter>Header Files</Filter>
    </ClInclude>
    <ClInclude Include="dependencies\py\include\cpython\pyctype.h">
      <Filter>Header Files</Filter>
    </ClInclude>
    <ClInclude Include="dependencies\py\include\cpython\pydebug.h">
      <Filter>Header Files</Filter>
    </ClInclude>
    <ClInclude Include="dependencies\py\include\cpython\pyerrors.h">
      <Filter>Header Files</Filter>
    </ClInclude>
    <ClInclude Include="dependencies\py\include\cpython\pyfpe.h">
      <Filter>Header Files</Filter>
    </ClInclude>
    <ClInclude Include="dependencies\py\include\cpython\pyframe.h">
      <Filter>Header Files</Filter>
    </ClInclude>
    <ClInclude Include="dependencies\py\include\cpython\pylifecycle.h">
      <Filter>Header Files</Filter>
    </ClInclude>
    <ClInclude Include="dependencies\py\include\cpython\pymem.h">
      <Filter>Header Files</Filter>
    </ClInclude>
    <ClInclude Include="dependencies\py\include\cpython\pystate.h">
      <Filter>Header Files</Filter>
    </ClInclude>
    <ClInclude Include="dependencies\py\include\cpython\pythonrun.h">
      <Filter>Header Files</Filter>
    </ClInclude>
    <ClInclude Include="dependencies\py\include\cpython\pythread.h">
      <Filter>Header Files</Filter>
    </ClInclude>
    <ClInclude Include="dependencies\py\include\cpython\pytime.h">
      <Filter>Header Files</Filter>
    </ClInclude>
    <ClInclude Include="dependencies\py\include\cpython\setobject.h">
      <Filter>Header Files</Filter>
    </ClInclude>
    <ClInclude Include="dependencies\py\include\cpython\sysmodule.h">
      <Filter>Header Files</Filter>
    </ClInclude>
    <ClInclude Include="dependencies\py\include\cpython\traceback.h">
      <Filter>Header Files</Filter>
    </ClInclude>
    <ClInclude Include="dependencies\py\include\cpython\tupleobject.h">
      <Filter>Header Files</Filter>
    </ClInclude>
    <ClInclude Include="dependencies\py\include\cpython\unicodeobject.h">
      <Filter>Header Files</Filter>
    </ClInclude>
    <ClInclude Include="dependencies\py\include\cpython\warnings.h">
      <Filter>Header Files</Filter>
    </ClInclude>
    <ClInclude Include="dependencies\py\include\cpython\weakrefobject.h">
      <Filter>Header Files</Filter>
    </ClInclude>
    <ClInclude Include="dependencies\py\include\internal\pycore_abstract.h">
      <Filter>Header Files</Filter>
    </ClInclude>
    <ClInclude Include="dependencies\py\include\internal\pycore_accu.h">
      <Filter>Header Files</Filter>
    </ClInclude>
    <ClInclude Include="dependencies\py\include\internal\pycore_asdl.h">
      <Filter>Header Files</Filter>
    </ClInclude>
    <ClInclude Include="dependencies\py\include\internal\pycore_ast.h">
      <Filter>Header Files</Filter>
    </ClInclude>
    <ClInclude Include="dependencies\py\include\internal\pycore_ast_state.h">
      <Filter>Header Files</Filter>
    </ClInclude>
    <ClInclude Include="dependencies\py\include\internal\pycore_atomic.h">
      <Filter>Header Files</Filter>
    </ClInclude>
    <ClInclude Include="dependencies\py\include\internal\pycore_atomic_funcs.h">
      <Filter>Header Files</Filter>
    </ClInclude>
    <ClInclude Include="dependencies\py\include\internal\pycore_bitutils.h">
      <Filter>Header Files</Filter>
    </ClInclude>
    <ClInclude Include="dependencies\py\include\internal\pycore_blocks_output_buffer.h">
      <Filter>Header Files</Filter>
    </ClInclude>
    <ClInclude Include="dependencies\py\include\internal\pycore_bytes_methods.h">
      <Filter>Header Files</Filter>
    </ClInclude>
    <ClInclude Include="dependencies\py\include\internal\pycore_bytesobject.h">
      <Filter>Header Files</Filter>
    </ClInclude>
    <ClInclude Include="dependencies\py\include\internal\pycore_call.h">
      <Filter>Header Files</Filter>
    </ClInclude>
    <ClInclude Include="dependencies\py\include\internal\pycore_ceval.h">
      <Filter>Header Files</Filter>
    </ClInclude>
    <ClInclude Include="dependencies\py\include\internal\pycore_code.h">
      <Filter>Header Files</Filter>
    </ClInclude>
    <ClInclude Include="dependencies\py\include\internal\pycore_compile.h">
      <Filter>Header Files</Filter>
    </ClInclude>
    <ClInclude Include="dependencies\py\include\internal\pycore_condvar.h">
      <Filter>Header Files</Filter>
    </ClInclude>
    <ClInclude Include="dependencies\py\include\internal\pycore_context.h">
      <Filter>Header Files</Filter>
    </ClInclude>
    <ClInclude Include="dependencies\py\include\internal\pycore_dict.h">
      <Filter>Header Files</Filter>
    </ClInclude>
    <ClInclude Include="dependencies\py\include\internal\pycore_dtoa.h">
      <Filter>Header Files</Filter>
    </ClInclude>
    <ClInclude Include="dependencies\py\include\internal\pycore_emscripten_signal.h">
      <Filter>Header Files</Filter>
    </ClInclude>
    <ClInclude Include="dependencies\py\include\internal\pycore_exceptions.h">
      <Filter>Header Files</Filter>
    </ClInclude>
    <ClInclude Include="dependencies\py\include\internal\pycore_fileutils.h">
      <Filter>Header Files</Filter>
    </ClInclude>
    <ClInclude Include="dependencies\py\include\internal\pycore_floatobject.h">
      <Filter>Header Files</Filter>
    </ClInclude>
    <ClInclude Include="dependencies\py\include\internal\pycore_format.h">
      <Filter>Header Files</Filter>
    </ClInclude>
    <ClInclude Include="dependencies\py\include\internal\pycore_frame.h">
      <Filter>Header Files</Filter>
    </ClInclude>
    <ClInclude Include="dependencies\py\include\internal\pycore_function.h">
      <Filter>Header Files</Filter>
    </ClInclude>
    <ClInclude Include="dependencies\py\include\internal\pycore_gc.h">
      <Filter>Header Files</Filter>
    </ClInclude>
    <ClInclude Include="dependencies\py\include\internal\pycore_genobject.h">
      <Filter>Header Files</Filter>
    </ClInclude>
    <ClInclude Include="dependencies\py\include\internal\pycore_getopt.h">
      <Filter>Header Files</Filter>
    </ClInclude>
    <ClInclude Include="dependencies\py\include\internal\pycore_gil.h">
      <Filter>Header Files</Filter>
    </ClInclude>
    <ClInclude Include="dependencies\py\include\internal\pycore_global_objects.h">
      <Filter>Header Files</Filter>
    </ClInclude>
    <ClInclude Include="dependencies\py\include\internal\pycore_global_strings.h">
      <Filter>Header Files</Filter>
    </ClInclude>
    <ClInclude Include="dependencies\py\include\internal\pycore_hamt.h">
      <Filter>Header Files</Filter>
    </ClInclude>
    <ClInclude Include="dependencies\py\include\internal\pycore_hashtable.h">
      <Filter>Header Files</Filter>
    </ClInclude>
    <ClInclude Include="dependencies\py\include\internal\pycore_import.h">
      <Filter>Header Files</Filter>
    </ClInclude>
    <ClInclude Include="dependencies\py\include\internal\pycore_initconfig.h">
      <Filter>Header Files</Filter>
    </ClInclude>
    <ClInclude Include="dependencies\py\include\internal\pycore_interp.h">
      <Filter>Header Files</Filter>
    </ClInclude>
    <ClInclude Include="dependencies\py\include\internal\pycore_interpreteridobject.h">
      <Filter>Header Files</Filter>
    </ClInclude>
    <ClInclude Include="dependencies\py\include\internal\pycore_list.h">
      <Filter>Header Files</Filter>
    </ClInclude>
    <ClInclude Include="dependencies\py\include\internal\pycore_long.h">
      <Filter>Header Files</Filter>
    </ClInclude>
    <ClInclude Include="dependencies\py\include\internal\pycore_moduleobject.h">
      <Filter>Header Files</Filter>
    </ClInclude>
    <ClInclude Include="dependencies\py\include\internal\pycore_namespace.h">
      <Filter>Header Files</Filter>
    </ClInclude>
    <ClInclude Include="dependencies\py\include\internal\pycore_object.h">
      <Filter>Header Files</Filter>
    </ClInclude>
    <ClInclude Include="dependencies\py\include\internal\pycore_opcode.h">
      <Filter>Header Files</Filter>
    </ClInclude>
    <ClInclude Include="dependencies\py\include\internal\pycore_parser.h">
      <Filter>Header Files</Filter>
    </ClInclude>
    <ClInclude Include="dependencies\py\include\internal\pycore_pathconfig.h">
      <Filter>Header Files</Filter>
    </ClInclude>
    <ClInclude Include="dependencies\py\include\internal\pycore_pyarena.h">
      <Filter>Header Files</Filter>
    </ClInclude>
    <ClInclude Include="dependencies\py\include\internal\pycore_pyerrors.h">
      <Filter>Header Files</Filter>
    </ClInclude>
    <ClInclude Include="dependencies\py\include\internal\pycore_pyhash.h">
      <Filter>Header Files</Filter>
    </ClInclude>
    <ClInclude Include="dependencies\py\include\internal\pycore_pylifecycle.h">
      <Filter>Header Files</Filter>
    </ClInclude>
    <ClInclude Include="dependencies\py\include\internal\pycore_pymath.h">
      <Filter>Header Files</Filter>
    </ClInclude>
    <ClInclude Include="dependencies\py\include\internal\pycore_pymem.h">
      <Filter>Header Files</Filter>
    </ClInclude>
    <ClInclude Include="dependencies\py\include\internal\pycore_pystate.h">
      <Filter>Header Files</Filter>
    </ClInclude>
    <ClInclude Include="dependencies\py\include\internal\pycore_runtime.h">
      <Filter>Header Files</Filter>
    </ClInclude>
    <ClInclude Include="dependencies\py\include\internal\pycore_runtime_init.h">
      <Filter>Header Files</Filter>
    </ClInclude>
    <ClInclude Include="dependencies\py\include\internal\pycore_signal.h">
      <Filter>Header Files</Filter>
    </ClInclude>
    <ClInclude Include="dependencies\py\include\internal\pycore_sliceobject.h">
      <Filter>Header Files</Filter>
    </ClInclude>
    <ClInclude Include="dependencies\py\include\internal\pycore_strhex.h">
      <Filter>Header Files</Filter>
    </ClInclude>
    <ClInclude Include="dependencies\py\include\internal\pycore_structseq.h">
      <Filter>Header Files</Filter>
    </ClInclude>
    <ClInclude Include="dependencies\py\include\internal\pycore_symtable.h">
      <Filter>Header Files</Filter>
    </ClInclude>
    <ClInclude Include="dependencies\py\include\internal\pycore_sysmodule.h">
      <Filter>Header Files</Filter>
    </ClInclude>
    <ClInclude Include="dependencies\py\include\internal\pycore_traceback.h">
      <Filter>Header Files</Filter>
    </ClInclude>
    <ClInclude Include="dependencies\py\include\internal\pycore_tuple.h">
      <Filter>Header Files</Filter>
    </ClInclude>
    <ClInclude Include="dependencies\py\include\internal\pycore_typeobject.h">
      <Filter>Header Files</Filter>
    </ClInclude>
    <ClInclude Include="dependencies\py\include\internal\pycore_ucnhash.h">
      <Filter>Header Files</Filter>
    </ClInclude>
    <ClInclude Include="dependencies\py\include\internal\pycore_unicodeobject.h">
      <Filter>Header Files</Filter>
    </ClInclude>
    <ClInclude Include="dependencies\py\include\internal\pycore_unionobject.h">
      <Filter>Header Files</Filter>
    </ClInclude>
    <ClInclude Include="dependencies\py\include\internal\pycore_warnings.h">
      <Filter>Header Files</Filter>
    </ClInclude>
    <ClInclude Include="dependencies\py\include\abstract.h">
      <Filter>Header Files</Filter>
    </ClInclude>
    <ClInclude Include="dependencies\py\include\bltinmodule.h">
      <Filter>Header Files</Filter>
    </ClInclude>
    <ClInclude Include="dependencies\py\include\boolobject.h">
      <Filter>Header Files</Filter>
    </ClInclude>
    <ClInclude Include="dependencies\py\include\bytearrayobject.h">
      <Filter>Header Files</Filter>
    </ClInclude>
    <ClInclude Include="dependencies\py\include\bytesobject.h">
      <Filter>Header Files</Filter>
    </ClInclude>
    <ClInclude Include="dependencies\py\include\ceval.h">
      <Filter>Header Files</Filter>
    </ClInclude>
    <ClInclude Include="dependencies\py\include\codecs.h">
      <Filter>Header Files</Filter>
    </ClInclude>
    <ClInclude Include="dependencies\py\include\compile.h">
      <Filter>Header Files</Filter>
    </ClInclude>
    <ClInclude Include="dependencies\py\include\complexobject.h">
      <Filter>Header Files</Filter>
    </ClInclude>
    <ClInclude Include="dependencies\py\include\datetime.h">
      <Filter>Header Files</Filter>
    </ClInclude>
    <ClInclude Include="dependencies\py\include\descrobject.h">
      <Filter>Header Files</Filter>
    </ClInclude>
    <ClInclude Include="dependencies\py\include\dictobject.h">
      <Filter>Header Files</Filter>
    </ClInclude>
    <ClInclude Include="dependencies\py\include\dynamic_annotations.h">
      <Filter>Header Files</Filter>
    </ClInclude>
    <ClInclude Include="dependencies\py\include\enumobject.h">
      <Filter>Header Files</Filter>
    </ClInclude>
    <ClInclude Include="dependencies\py\include\errcode.h">
      <Filter>Header Files</Filter>
    </ClInclude>
    <ClInclude Include="dependencies\py\include\exports.h">
      <Filter>Header Files</Filter>
    </ClInclude>
    <ClInclude Include="dependencies\py\include\fileobject.h">
      <Filter>Header Files</Filter>
    </ClInclude>
    <ClInclude Include="dependencies\py\include\fileutils.h">
      <Filter>Header Files</Filter>
    </ClInclude>
    <ClInclude Include="dependencies\py\include\floatobject.h">
      <Filter>Header Files</Filter>
    </ClInclude>
    <ClInclude Include="dependencies\py\include\frameobject.h">
      <Filter>Header Files</Filter>
    </ClInclude>
    <ClInclude Include="dependencies\py\include\genericaliasobject.h">
      <Filter>Header Files</Filter>
    </ClInclude>
    <ClInclude Include="dependencies\py\include\import.h">
      <Filter>Header Files</Filter>
    </ClInclude>
    <ClInclude Include="dependencies\py\include\intrcheck.h">
      <Filter>Header Files</Filter>
    </ClInclude>
    <ClInclude Include="dependencies\py\include\iterobject.h">
      <Filter>Header Files</Filter>
    </ClInclude>
    <ClInclude Include="dependencies\py\include\listobject.h">
      <Filter>Header Files</Filter>
    </ClInclude>
    <ClInclude Include="dependencies\py\include\longobject.h">
      <Filter>Header Files</Filter>
    </ClInclude>
    <ClInclude Include="dependencies\py\include\marshal.h">
      <Filter>Header Files</Filter>
    </ClInclude>
    <ClInclude Include="dependencies\py\include\memoryobject.h">
      <Filter>Header Files</Filter>
    </ClInclude>
    <ClInclude Include="dependencies\py\include\methodobject.h">
      <Filter>Header Files</Filter>
    </ClInclude>
    <ClInclude Include="dependencies\py\include\modsupport.h">
      <Filter>Header Files</Filter>
    </ClInclude>
    <ClInclude Include="dependencies\py\include\moduleobject.h">
      <Filter>Header Files</Filter>
    </ClInclude>
    <ClInclude Include="dependencies\py\include\object.h">
      <Filter>Header Files</Filter>
    </ClInclude>
    <ClInclude Include="dependencies\py\include\objimpl.h">
      <Filter>Header Files</Filter>
    </ClInclude>
    <ClInclude Include="dependencies\py\include\opcode.h">
      <Filter>Header Files</Filter>
    </ClInclude>
    <ClInclude Include="dependencies\py\include\osdefs.h">
      <Filter>Header Files</Filter>
    </ClInclude>
    <ClInclude Include="dependencies\py\include\osmodule.h">
      <Filter>Header Files</Filter>
    </ClInclude>
    <ClInclude Include="dependencies\py\include\patchlevel.h">
      <Filter>Header Files</Filter>
    </ClInclude>
    <ClInclude Include="dependencies\py\include\py_curses.h">
      <Filter>Header Files</Filter>
    </ClInclude>
    <ClInclude Include="dependencies\py\include\pybuffer.h">
      <Filter>Header Files</Filter>
    </ClInclude>
    <ClInclude Include="dependencies\py\include\pycapsule.h">
      <Filter>Header Files</Filter>
    </ClInclude>
    <ClInclude Include="dependencies\py\include\pyconfig.h">
      <Filter>Header Files</Filter>
    </ClInclude>
    <ClInclude Include="dependencies\py\include\pydtrace.h">
      <Filter>Header Files</Filter>
    </ClInclude>
    <ClInclude Include="dependencies\py\include\pyerrors.h">
      <Filter>Header Files</Filter>
    </ClInclude>
    <ClInclude Include="dependencies\py\include\pyexpat.h">
      <Filter>Header Files</Filter>
    </ClInclude>
    <ClInclude Include="dependencies\py\include\pyframe.h">
      <Filter>Header Files</Filter>
    </ClInclude>
    <ClInclude Include="dependencies\py\include\pyhash.h">
      <Filter>Header Files</Filter>
    </ClInclude>
    <ClInclude Include="dependencies\py\include\pylifecycle.h">
      <Filter>Header Files</Filter>
    </ClInclude>
    <ClInclude Include="dependencies\py\include\pymacconfig.h">
      <Filter>Header Files</Filter>
    </ClInclude>
    <ClInclude Include="dependencies\py\include\pymacro.h">
      <Filter>Header Files</Filter>
    </ClInclude>
    <ClInclude Include="dependencies\py\include\pymath.h">
      <Filter>Header Files</Filter>
    </ClInclude>
    <ClInclude Include="dependencies\py\include\pymem.h">
      <Filter>Header Files</Filter>
    </ClInclude>
    <ClInclude Include="dependencies\py\include\pyport.h">
      <Filter>Header Files</Filter>
    </ClInclude>
    <ClInclude Include="dependencies\py\include\pystate.h">
      <Filter>Header Files</Filter>
    </ClInclude>
    <ClInclude Include="dependencies\py\include\pystrcmp.h">
      <Filter>Header Files</Filter>
    </ClInclude>
    <ClInclude Include="dependencies\py\include\pystrtod.h">
      <Filter>Header Files</Filter>
    </ClInclude>
    <ClInclude Include="dependencies\py\include\Python.h">
      <Filter>Header Files</Filter>
    </ClInclude>
    <ClInclude Include="dependencies\py\include\pythonrun.h">
      <Filter>Header Files</Filter>
    </ClInclude>
    <ClInclude Include="dependencies\py\include\pythread.h">
      <Filter>Header Files</Filter>
    </ClInclude>
    <ClInclude Include="dependencies\py\include\pytypedefs.h">
      <Filter>Header Files</Filter>
    </ClInclude>
    <ClInclude Include="dependencies\py\include\rangeobject.h">
      <Filter>Header Files</Filter>
    </ClInclude>
    <ClInclude Include="dependencies\py\include\setobject.h">
      <Filter>Header Files</Filter>
    </ClInclude>
    <ClInclude Include="dependencies\py\include\sliceobject.h">
      <Filter>Header Files</Filter>
    </ClInclude>
    <ClInclude Include="dependencies\py\include\structmember.h">
      <Filter>Header Files</Filter>
    </ClInclude>
    <ClInclude Include="dependencies\py\include\structseq.h">
      <Filter>Header Files</Filter>
    </ClInclude>
    <ClInclude Include="dependencies\py\include\sysmodule.h">
      <Filter>Header Files</Filter>
    </ClInclude>
    <ClInclude Include="dependencies\py\include\token.h">
      <Filter>Header Files</Filter>
    </ClInclude>
    <ClInclude Include="dependencies\py\include\traceback.h">
      <Filter>Header Files</Filter>
    </ClInclude>
    <ClInclude Include="dependencies\py\include\tracemalloc.h">
      <Filter>Header Files</Filter>
    </ClInclude>
    <ClInclude Include="dependencies\py\include\tupleobject.h">
      <Filter>Header Files</Filter>
    </ClInclude>
    <ClInclude Include="dependencies\py\include\typeslots.h">
      <Filter>Header Files</Filter>
    </ClInclude>
    <ClInclude Include="dependencies\py\include\unicodeobject.h">
      <Filter>Header Files</Filter>
    </ClInclude>
    <ClInclude Include="dependencies\py\include\warnings.h">
      <Filter>Header Files</Filter>
    </ClInclude>
    <ClInclude Include="dependencies\py\include\weakrefobject.h">
      <Filter>Header Files</Filter>
    </ClInclude>
  </ItemGroup>
</Project>